// !$*UTF8*$!
{
	archiveVersion = 1;
	classes = {
	};
	objectVersion = 48;
	objects = {

/* Begin PBXBuildFile section */
		4E8896B3206288EA0021E532 /* AppDelegate.swift in Sources */ = {isa = PBXBuildFile; fileRef = 4E8896B2206288EA0021E532 /* AppDelegate.swift */; };
		4E8896B8206288EA0021E532 /* Main.storyboard in Resources */ = {isa = PBXBuildFile; fileRef = 4E8896B6206288EA0021E532 /* Main.storyboard */; };
		4E8896BB206288EA0021E532 /* ToDoCoreData.xcdatamodeld in Sources */ = {isa = PBXBuildFile; fileRef = 4E8896B9206288EA0021E532 /* ToDoCoreData.xcdatamodeld */; };
		4E8896BD206288EA0021E532 /* Assets.xcassets in Resources */ = {isa = PBXBuildFile; fileRef = 4E8896BC206288EA0021E532 /* Assets.xcassets */; };
		4E8896C0206288EA0021E532 /* LaunchScreen.storyboard in Resources */ = {isa = PBXBuildFile; fileRef = 4E8896BE206288EA0021E532 /* LaunchScreen.storyboard */; };
		4E8896C820628AB00021E532 /* ToDoTableViewController.swift in Sources */ = {isa = PBXBuildFile; fileRef = 4E8896C720628AB00021E532 /* ToDoTableViewController.swift */; };
		4E8896CA20628ACF0021E532 /* NewTaskViewController.swift in Sources */ = {isa = PBXBuildFile; fileRef = 4E8896C920628ACF0021E532 /* NewTaskViewController.swift */; };
		4E8896CC20628BEB0021E532 /* TaskTableViewCell.swift in Sources */ = {isa = PBXBuildFile; fileRef = 4E8896CB20628BEB0021E532 /* TaskTableViewCell.swift */; };
/* End PBXBuildFile section */

/* Begin PBXFileReference section */
		4E8896AF206288EA0021E532 /* ToDoCoreData.app */ = {isa = PBXFileReference; explicitFileType = wrapper.application; includeInIndex = 0; path = ToDoCoreData.app; sourceTree = BUILT_PRODUCTS_DIR; };
		4E8896B2206288EA0021E532 /* AppDelegate.swift */ = {isa = PBXFileReference; lastKnownFileType = sourcecode.swift; path = AppDelegate.swift; sourceTree = "<group>"; };
		4E8896B7206288EA0021E532 /* Base */ = {isa = PBXFileReference; lastKnownFileType = file.storyboard; name = Base; path = Base.lproj/Main.storyboard; sourceTree = "<group>"; };
		4E8896BA206288EA0021E532 /* ToDoCoreData.xcdatamodel */ = {isa = PBXFileReference; lastKnownFileType = wrapper.xcdatamodel; path = ToDoCoreData.xcdatamodel; sourceTree = "<group>"; };
		4E8896BC206288EA0021E532 /* Assets.xcassets */ = {isa = PBXFileReference; lastKnownFileType = folder.assetcatalog; path = Assets.xcassets; sourceTree = "<group>"; };
		4E8896BF206288EA0021E532 /* Base */ = {isa = PBXFileReference; lastKnownFileType = file.storyboard; name = Base; path = Base.lproj/LaunchScreen.storyboard; sourceTree = "<group>"; };
		4E8896C1206288EA0021E532 /* Info.plist */ = {isa = PBXFileReference; lastKnownFileType = text.plist.xml; path = Info.plist; sourceTree = "<group>"; };
		4E8896C720628AB00021E532 /* ToDoTableViewController.swift */ = {isa = PBXFileReference; lastKnownFileType = sourcecode.swift; path = ToDoTableViewController.swift; sourceTree = "<group>"; };
		4E8896C920628ACF0021E532 /* NewTaskViewController.swift */ = {isa = PBXFileReference; lastKnownFileType = sourcecode.swift; path = NewTaskViewController.swift; sourceTree = "<group>"; };
		4E8896CB20628BEB0021E532 /* TaskTableViewCell.swift */ = {isa = PBXFileReference; lastKnownFileType = sourcecode.swift; path = TaskTableViewCell.swift; sourceTree = "<group>"; };
/* End PBXFileReference section */

/* Begin PBXFrameworksBuildPhase section */
		4E8896AC206288EA0021E532 /* Frameworks */ = {
			isa = PBXFrameworksBuildPhase;
			buildActionMask = 2147483647;
			files = (
			);
			runOnlyForDeploymentPostprocessing = 0;
		};
/* End PBXFrameworksBuildPhase section */

/* Begin PBXGroup section */
		4E8896A6206288EA0021E532 = {
			isa = PBXGroup;
			children = (
				4E8896B1206288EA0021E532 /* ToDoCoreData */,
				4E8896B0206288EA0021E532 /* Products */,
			);
			sourceTree = "<group>";
		};
		4E8896B0206288EA0021E532 /* Products */ = {
			isa = PBXGroup;
			children = (
				4E8896AF206288EA0021E532 /* ToDoCoreData.app */,
			);
			name = Products;
			sourceTree = "<group>";
		};
		4E8896B1206288EA0021E532 /* ToDoCoreData */ = {
			isa = PBXGroup;
			children = (
				4E8896B2206288EA0021E532 /* AppDelegate.swift */,
				4E8896B6206288EA0021E532 /* Main.storyboard */,
				4E8896C720628AB00021E532 /* ToDoTableViewController.swift */,
				4E8896C920628ACF0021E532 /* NewTaskViewController.swift */,
				4E8896CB20628BEB0021E532 /* TaskTableViewCell.swift */,
				4E8896BC206288EA0021E532 /* Assets.xcassets */,
				4E8896BE206288EA0021E532 /* LaunchScreen.storyboard */,
				4E8896C1206288EA0021E532 /* Info.plist */,
				4E8896B9206288EA0021E532 /* ToDoCoreData.xcdatamodeld */,
			);
			path = ToDoCoreData;
			sourceTree = "<group>";
		};
/* End PBXGroup section */

/* Begin PBXNativeTarget section */
		4E8896AE206288EA0021E532 /* ToDoCoreData */ = {
			isa = PBXNativeTarget;
			buildConfigurationList = 4E8896C4206288EA0021E532 /* Build configuration list for PBXNativeTarget "ToDoCoreData" */;
			buildPhases = (
				4E8896AB206288EA0021E532 /* Sources */,
				4E8896AC206288EA0021E532 /* Frameworks */,
				4E8896AD206288EA0021E532 /* Resources */,
			);
			buildRules = (
			);
			dependencies = (
			);
			name = ToDoCoreData;
			productName = ToDoCoreData;
			productReference = 4E8896AF206288EA0021E532 /* ToDoCoreData.app */;
			productType = "com.apple.product-type.application";
		};
/* End PBXNativeTarget section */

/* Begin PBXProject section */
		4E8896A7206288EA0021E532 /* Project object */ = {
			isa = PBXProject;
			attributes = {
				LastSwiftUpdateCheck = 0920;
				LastUpgradeCheck = 0920;
				ORGANIZATIONNAME = "Pavlo Novak";
				TargetAttributes = {
					4E8896AE206288EA0021E532 = {
						CreatedOnToolsVersion = 9.2;
						ProvisioningStyle = Automatic;
					};
				};
			};
			buildConfigurationList = 4E8896AA206288EA0021E532 /* Build configuration list for PBXProject "ToDoCoreData" */;
			compatibilityVersion = "Xcode 8.0";
			developmentRegion = en;
			hasScannedForEncodings = 0;
			knownRegions = (
				en,
				Base,
			);
			mainGroup = 4E8896A6206288EA0021E532;
			productRefGroup = 4E8896B0206288EA0021E532 /* Products */;
			projectDirPath = "";
			projectRoot = "";
			targets = (
				4E8896AE206288EA0021E532 /* ToDoCoreData */,
			);
		};
/* End PBXProject section */

/* Begin PBXResourcesBuildPhase section */
		4E8896AD206288EA0021E532 /* Resources */ = {
			isa = PBXResourcesBuildPhase;
			buildActionMask = 2147483647;
			files = (
				4E8896C0206288EA0021E532 /* LaunchScreen.storyboard in Resources */,
				4E8896BD206288EA0021E532 /* Assets.xcassets in Resources */,
				4E8896B8206288EA0021E532 /* Main.storyboard in Resources */,
			);
			runOnlyForDeploymentPostprocessing = 0;
		};
/* End PBXResourcesBuildPhase section */

/* Begin PBXSourcesBuildPhase section */
		4E8896AB206288EA0021E532 /* Sources */ = {
			isa = PBXSourcesBuildPhase;
			buildActionMask = 2147483647;
			files = (
				4E8896BB206288EA0021E532 /* ToDoCoreData.xcdatamodeld in Sources */,
				4E8896C820628AB00021E532 /* ToDoTableViewController.swift in Sources */,
				4E8896CC20628BEB0021E532 /* TaskTableViewCell.swift in Sources */,
				4E8896CA20628ACF0021E532 /* NewTaskViewController.swift in Sources */,
				4E8896B3206288EA0021E532 /* AppDelegate.swift in Sources */,
			);
			runOnlyForDeploymentPostprocessing = 0;
		};
/* End PBXSourcesBuildPhase section */

/* Begin PBXVariantGroup section */
		4E8896B6206288EA0021E532 /* Main.storyboard */ = {
			isa = PBXVariantGroup;
			children = (
				4E8896B7206288EA0021E532 /* Base */,
			);
			name = Main.storyboard;
			sourceTree = "<group>";
		};
		4E8896BE206288EA0021E532 /* LaunchScreen.storyboard */ = {
			isa = PBXVariantGroup;
			children = (
				4E8896BF206288EA0021E532 /* Base */,
			);
			name = LaunchScreen.storyboard;
			sourceTree = "<group>";
		};
/* End PBXVariantGroup section */

/* Begin XCBuildConfiguration section */
		4E8896C2206288EA0021E532 /* Debug */ = {
			isa = XCBuildConfiguration;
			buildSettings = {
				ALWAYS_SEARCH_USER_PATHS = NO;
				CLANG_ANALYZER_NONNULL = YES;
				CLANG_ANALYZER_NUMBER_OBJECT_CONVERSION = YES_AGGRESSIVE;
				CLANG_CXX_LANGUAGE_STANDARD = "gnu++14";
				CLANG_CXX_LIBRARY = "libc++";
				CLANG_ENABLE_MODULES = YES;
				CLANG_ENABLE_OBJC_ARC = YES;
				CLANG_WARN_BLOCK_CAPTURE_AUTORELEASING = YES;
				CLANG_WARN_BOOL_CONVERSION = YES;
				CLANG_WARN_COMMA = YES;
				CLANG_WARN_CONSTANT_CONVERSION = YES;
				CLANG_WARN_DIRECT_OBJC_ISA_USAGE = YES_ERROR;
				CLANG_WARN_DOCUMENTATION_COMMENTS = YES;
				CLANG_WARN_EMPTY_BODY = YES;
				CLANG_WARN_ENUM_CONVERSION = YES;
				CLANG_WARN_INFINITE_RECURSION = YES;
				CLANG_WARN_INT_CONVERSION = YES;
				CLANG_WARN_NON_LITERAL_NULL_CONVERSION = YES;
				CLANG_WARN_OBJC_LITERAL_CONVERSION = YES;
				CLANG_WARN_OBJC_ROOT_CLASS = YES_ERROR;
				CLANG_WARN_RANGE_LOOP_ANALYSIS = YES;
				CLANG_WARN_STRICT_PROTOTYPES = YES;
				CLANG_WARN_SUSPICIOUS_MOVE = YES;
				CLANG_WARN_UNGUARDED_AVAILABILITY = YES_AGGRESSIVE;
				CLANG_WARN_UNREACHABLE_CODE = YES;
				CLANG_WARN__DUPLICATE_METHOD_MATCH = YES;
				CODE_SIGN_IDENTITY = "iPhone Developer";
				COPY_PHASE_STRIP = NO;
				DEBUG_INFORMATION_FORMAT = dwarf;
				ENABLE_STRICT_OBJC_MSGSEND = YES;
				ENABLE_TESTABILITY = YES;
				GCC_C_LANGUAGE_STANDARD = gnu11;
				GCC_DYNAMIC_NO_PIC = NO;
				GCC_NO_COMMON_BLOCKS = YES;
				GCC_OPTIMIZATION_LEVEL = 0;
				GCC_PREPROCESSOR_DEFINITIONS = (
					"DEBUG=1",
					"$(inherited)",
				);
				GCC_WARN_64_TO_32_BIT_CONVERSION = YES;
				GCC_WARN_ABOUT_RETURN_TYPE = YES_ERROR;
				GCC_WARN_UNDECLARED_SELECTOR = YES;
				GCC_WARN_UNINITIALIZED_AUTOS = YES_AGGRESSIVE;
				GCC_WARN_UNUSED_FUNCTION = YES;
				GCC_WARN_UNUSED_VARIABLE = YES;
				IPHONEOS_DEPLOYMENT_TARGET = 11.2;
				MTL_ENABLE_DEBUG_INFO = YES;
				ONLY_ACTIVE_ARCH = YES;
				SDKROOT = iphoneos;
				SWIFT_ACTIVE_COMPILATION_CONDITIONS = DEBUG;
				SWIFT_OPTIMIZATION_LEVEL = "-Onone";
			};
			name = Debug;
		};
		4E8896C3206288EA0021E532 /* Release */ = {
			isa = XCBuildConfiguration;
			buildSettings = {
				ALWAYS_SEARCH_USER_PATHS = NO;
				CLANG_ANALYZER_NONNULL = YES;
				CLANG_ANALYZER_NUMBER_OBJECT_CONVERSION = YES_AGGRESSIVE;
				CLANG_CXX_LANGUAGE_STANDARD = "gnu++14";
				CLANG_CXX_LIBRARY = "libc++";
				CLANG_ENABLE_MODULES = YES;
				CLANG_ENABLE_OBJC_ARC = YES;
				CLANG_WARN_BLOCK_CAPTURE_AUTORELEASING = YES;
				CLANG_WARN_BOOL_CONVERSION = YES;
				CLANG_WARN_COMMA = YES;
				CLANG_WARN_CONSTANT_CONVERSION = YES;
				CLANG_WARN_DIRECT_OBJC_ISA_USAGE = YES_ERROR;
				CLANG_WARN_DOCUMENTATION_COMMENTS = YES;
				CLANG_WARN_EMPTY_BODY = YES;
				CLANG_WARN_ENUM_CONVERSION = YES;
				CLANG_WARN_INFINITE_RECURSION = YES;
				CLANG_WARN_INT_CONVERSION = YES;
				CLANG_WARN_NON_LITERAL_NULL_CONVERSION = YES;
				CLANG_WARN_OBJC_LITERAL_CONVERSION = YES;
				CLANG_WARN_OBJC_ROOT_CLASS = YES_ERROR;
				CLANG_WARN_RANGE_LOOP_ANALYSIS = YES;
				CLANG_WARN_STRICT_PROTOTYPES = YES;
				CLANG_WARN_SUSPICIOUS_MOVE = YES;
				CLANG_WARN_UNGUARDED_AVAILABILITY = YES_AGGRESSIVE;
				CLANG_WARN_UNREACHABLE_CODE = YES;
				CLANG_WARN__DUPLICATE_METHOD_MATCH = YES;
				CODE_SIGN_IDENTITY = "iPhone Developer";
				COPY_PHASE_STRIP = NO;
				DEBUG_INFORMATION_FORMAT = "dwarf-with-dsym";
				ENABLE_NS_ASSERTIONS = NO;
				ENABLE_STRICT_OBJC_MSGSEND = YES;
				GCC_C_LANGUAGE_STANDARD = gnu11;
				GCC_NO_COMMON_BLOCKS = YES;
				GCC_WARN_64_TO_32_BIT_CONVERSION = YES;
				GCC_WARN_ABOUT_RETURN_TYPE = YES_ERROR;
				GCC_WARN_UNDECLARED_SELECTOR = YES;
				GCC_WARN_UNINITIALIZED_AUTOS = YES_AGGRESSIVE;
				GCC_WARN_UNUSED_FUNCTION = YES;
				GCC_WARN_UNUSED_VARIABLE = YES;
				IPHONEOS_DEPLOYMENT_TARGET = 11.2;
				MTL_ENABLE_DEBUG_INFO = NO;
				SDKROOT = iphoneos;
				SWIFT_OPTIMIZATION_LEVEL = "-Owholemodule";
				VALIDATE_PRODUCT = YES;
			};
			name = Release;
		};
		4E8896C5206288EA0021E532 /* Debug */ = {
			isa = XCBuildConfiguration;
			buildSettings = {
				ASSETCATALOG_COMPILER_APPICON_NAME = AppIcon;
				CODE_SIGN_STYLE = Automatic;
				DEVELOPMENT_TEAM = 77VXLR34EW;
				INFOPLIST_FILE = ToDoCoreData/Info.plist;
				LD_RUNPATH_SEARCH_PATHS = "$(inherited) @executable_path/Frameworks";
				PRODUCT_BUNDLE_IDENTIFIER = "Novak-Inc.ToDoCoreData";
				PRODUCT_NAME = "$(TARGET_NAME)";
				SWIFT_VERSION = 4.0;
				TARGETED_DEVICE_FAMILY = "1,2";
			};
			name = Debug;
		};
		4E8896C6206288EA0021E532 /* Release */ = {
			isa = XCBuildConfiguration;
			buildSettings = {
				ASSETCATALOG_COMPILER_APPICON_NAME = AppIcon;
				CODE_SIGN_STYLE = Automatic;
				DEVELOPMENT_TEAM = 77VXLR34EW;
				INFOPLIST_FILE = ToDoCoreData/Info.plist;
				LD_RUNPATH_SEARCH_PATHS = "$(inherited) @executable_path/Frameworks";
				PRODUCT_BUNDLE_IDENTIFIER = "Novak-Inc.ToDoCoreData";
				PRODUCT_NAME = "$(TARGET_NAME)";
				SWIFT_VERSION = 4.0;
				TARGETED_DEVICE_FAMILY = "1,2";
			};
			name = Release;
		};
/* End XCBuildConfiguration section */

/* Begin XCConfigurationList section */
		4E8896AA206288EA0021E532 /* Build configuration list for PBXProject "ToDoCoreData" */ = {
			isa = XCConfigurationList;
			buildConfigurations = (
				4E8896C2206288EA0021E532 /* Debug */,
				4E8896C3206288EA0021E532 /* Release */,
			);
			defaultConfigurationIsVisible = 0;
			defaultConfigurationName = Release;
		};
		4E8896C4206288EA0021E532 /* Build configuration list for PBXNativeTarget "ToDoCoreData" */ = {
			isa = XCConfigurationList;
			buildConfigurations = (
				4E8896C5206288EA0021E532 /* Debug */,
				4E8896C6206288EA0021E532 /* Release */,
			);
			defaultConfigurationIsVisible = 0;
			defaultConfigurationName = Release;
		};
/* End XCConfigurationList section */

/* Begin XCVersionGroup section */
		4E8896B9206288EA0021E532 /* ToDoCoreData.xcdatamodeld */ = {
			isa = XCVersionGroup;
			children = (
				4E8896BA206288EA0021E532 /* ToDoCoreData.xcdatamodel */,
			);
			currentVersion = 4E8896BA206288EA0021E532 /* ToDoCoreData.xcdatamodel */;
			path = ToDoCoreData.xcdatamodeld;
			sourceTree = "<group>";
			versionGroupType = wrapper.xcdatamodel;
		};
/* End XCVersionGroup section */
	};
	rootObject = 4E8896A7206288EA0021E532 /* Project object */;
}
